
Microsoft Visual Studio Solution File, Format Version 12.00
# Visual Studio Version 17
VisualStudioVersion = 17.0.31903.59
MinimumVisualStudioVersion = 10.0.40219.1
Project("{FAE04EC0-301F-11D3-BF4B-00C04F79EFBC}") = "Mountain.Wildcat.Api", "Mountain.Wildcat.Api\Mountain.Wildcat.Api.csproj", "{EAD5FBF6-2382-4288-9F4B-133079E80515}"
EndProject
Project("{FAE04EC0-301F-11D3-BF4B-00C04F79EFBC}") = "Mountain.Wildcat.Data", "Mountain.Wildcat.Data\Mountain.Wildcat.Data.csproj", "{FB30F9EA-1A1F-4CD2-BDD1-AD7C30788F31}"
EndProject
Project("{2150E333-8FDC-42A3-9474-1A3956D46DE8}") = "tests", "tests", "{E4EF455D-25E5-4717-98D5-FC820AA21B6D}"
EndProject
Project("{FAE04EC0-301F-11D3-BF4B-00C04F79EFBC}") = "Mountain.Wildcat.Domain.Tests", "tests\Mountain.Wildcat.Domain.Tests\Mountain.Wildcat.Domain.Tests.csproj", "{C8AC556D-F295-4779-90C2-5362F25AA54B}"
EndProject
Global
	GlobalSection(SolutionConfigurationPlatforms) = preSolution
		Debug|Any CPU = Debug|Any CPU
		Release|Any CPU = Release|Any CPU
	EndGlobalSection
	GlobalSection(SolutionProperties) = preSolution
		HideSolutionNode = FALSE
	EndGlobalSection
	GlobalSection(ProjectConfigurationPlatforms) = postSolution
		{EAD5FBF6-2382-4288-9F4B-133079E80515}.Debug|Any CPU.ActiveCfg = Debug|Any CPU
		{EAD5FBF6-2382-4288-9F4B-133079E80515}.Debug|Any CPU.Build.0 = Debug|Any CPU
		{EAD5FBF6-2382-4288-9F4B-133079E80515}.Release|Any CPU.ActiveCfg = Release|Any CPU
		{EAD5FBF6-2382-4288-9F4B-133079E80515}.Release|Any CPU.Build.0 = Release|Any CPU
		{FB30F9EA-1A1F-4CD2-BDD1-AD7C30788F31}.Debug|Any CPU.ActiveCfg = Debug|Any CPU
		{FB30F9EA-1A1F-4CD2-BDD1-AD7C30788F31}.Debug|Any CPU.Build.0 = Debug|Any CPU
		{FB30F9EA-1A1F-4CD2-BDD1-AD7C30788F31}.Release|Any CPU.ActiveCfg = Release|Any CPU
		{FB30F9EA-1A1F-4CD2-BDD1-AD7C30788F31}.Release|Any CPU.Build.0 = Release|Any CPU
		{C8AC556D-F295-4779-90C2-5362F25AA54B}.Debug|Any CPU.ActiveCfg = Debug|Any CPU
		{C8AC556D-F295-4779-90C2-5362F25AA54B}.Debug|Any CPU.Build.0 = Debug|Any CPU
		{C8AC556D-F295-4779-90C2-5362F25AA54B}.Release|Any CPU.ActiveCfg = Release|Any CPU
		{C8AC556D-F295-4779-90C2-5362F25AA54B}.Release|Any CPU.Build.0 = Release|Any CPU
	EndGlobalSection
	GlobalSection(NestedProjects) = preSolution
		{C8AC556D-F295-4779-90C2-5362F25AA54B} = {E4EF455D-25E5-4717-98D5-FC820AA21B6D}
	EndGlobalSection
EndGlobal
